
Microsoft Visual Studio Solution File, Format Version 12.00
# Visual Studio Version 17
VisualStudioVersion = 17.7.34024.191
MinimumVisualStudioVersion = 10.0.40219.1
Project("{FAE04EC0-301F-11D3-BF4B-00C04F79EFBC}") = "Restful Example", "Restful Example.csproj", "{12A4C16E-13CD-429D-AA56-AC4601CA144A}"
EndProject
Global
	GlobalSection(SolutionConfigurationPlatforms) = preSolution
		Debug|Any CPU = Debug|Any CPU
		Release|Any CPU = Release|Any CPU
	EndGlobalSection
	GlobalSection(ProjectConfigurationPlatforms) = postSolution
		{12A4C16E-13CD-429D-AA56-AC4601CA144A}.Debug|Any CPU.ActiveCfg = Debug|Any CPU
		{12A4C16E-13CD-429D-AA56-AC4601CA144A}.Debug|Any CPU.Build.0 = Debug|Any CPU
		{12A4C16E-13CD-429D-AA56-AC4601CA144A}.Release|Any CPU.ActiveCfg = Release|Any CPU
		{12A4C16E-13CD-429D-AA56-AC4601CA144A}.Release|Any CPU.Build.0 = Release|Any CPU
	EndGlobalSection
	GlobalSection(SolutionProperties) = preSolution
		HideSolutionNode = FALSE
	EndGlobalSection
	GlobalSection(ExtensibilityGlobals) = postSolution
		SolutionGuid = {BB43A452-DA60-4660-92C1-5EC0B0D03AC8}
	EndGlobalSection
EndGlobal
